
Microsoft Visual Studio Solution File, Format Version 12.00
Project("{2150E333-8FDC-42A3-9474-1A3956D46DE8}") = ".solution items", ".solution items", "{61A89A28-6BD5-4A69-B3A5-F75436451104}"
	ProjectSection(SolutionItems) = preProject
		.editorconfig = .editorconfig
		.gitignore = .gitignore
		Directory.Build.props = Directory.Build.props
		Directory.Packages.props = Directory.Packages.props
		NuGet.config = NuGet.config
	EndProjectSection
EndProject
Project("{2150E333-8FDC-42A3-9474-1A3956D46DE8}") = "src", "src", "{B9E1631D-9D7F-4D21-940E-BD6DD4526645}"
EndProject
Project("{FAE04EC0-301F-11D3-BF4B-00C04F79EFBC}") = "Wiknap.Testcontainers.MailServer", "src\Wiknap.Testcontainers.MailServer\Wiknap.Testcontainers.MailServer.csproj", "{8BD7D82E-B0B2-4EDC-9A35-46452EBCF03A}"
EndProject
Project("{2150E333-8FDC-42A3-9474-1A3956D46DE8}") = "tests", "tests", "{209FA13E-512E-4518-92E8-AD0DD57C4B6F}"
EndProject
Project("{FAE04EC0-301F-11D3-BF4B-00C04F79EFBC}") = "Wiknap.Testcontainers.MailServer.Tests.Unit", "tests\Wiknap.Testcontainers.MailServer.Tests.Unit\Wiknap.Testcontainers.MailServer.Tests.Unit.csproj", "{AF93F8C1-C0C2-4E94-B280-2958D5CCEBD8}"
EndProject
Project("{FAE04EC0-301F-11D3-BF4B-00C04F79EFBC}") = "Wiknap.Testcontainers.MailServer.Tests.Integration", "tests\Wiknap.Testcontainers.MailServer.Tests.Integration\Wiknap.Testcontainers.MailServer.Tests.Integration.csproj", "{25E94818-27AA-4929-9FBE-3EC02EF28C24}"
EndProject
Global
	GlobalSection(SolutionConfigurationPlatforms) = preSolution
		Debug|Any CPU = Debug|Any CPU
		Release|Any CPU = Release|Any CPU
	EndGlobalSection
	GlobalSection(NestedProjects) = preSolution
		{8BD7D82E-B0B2-4EDC-9A35-46452EBCF03A} = {B9E1631D-9D7F-4D21-940E-BD6DD4526645}
		{AF93F8C1-C0C2-4E94-B280-2958D5CCEBD8} = {209FA13E-512E-4518-92E8-AD0DD57C4B6F}
		{25E94818-27AA-4929-9FBE-3EC02EF28C24} = {209FA13E-512E-4518-92E8-AD0DD57C4B6F}
	EndGlobalSection
	GlobalSection(ProjectConfigurationPlatforms) = postSolution
		{8BD7D82E-B0B2-4EDC-9A35-46452EBCF03A}.Debug|Any CPU.ActiveCfg = Debug|Any CPU
		{8BD7D82E-B0B2-4EDC-9A35-46452EBCF03A}.Debug|Any CPU.Build.0 = Debug|Any CPU
		{8BD7D82E-B0B2-4EDC-9A35-46452EBCF03A}.Release|Any CPU.ActiveCfg = Release|Any CPU
		{8BD7D82E-B0B2-4EDC-9A35-46452EBCF03A}.Release|Any CPU.Build.0 = Release|Any CPU
		{AF93F8C1-C0C2-4E94-B280-2958D5CCEBD8}.Debug|Any CPU.ActiveCfg = Debug|Any CPU
		{AF93F8C1-C0C2-4E94-B280-2958D5CCEBD8}.Debug|Any CPU.Build.0 = Debug|Any CPU
		{AF93F8C1-C0C2-4E94-B280-2958D5CCEBD8}.Release|Any CPU.ActiveCfg = Release|Any CPU
		{AF93F8C1-C0C2-4E94-B280-2958D5CCEBD8}.Release|Any CPU.Build.0 = Release|Any CPU
		{25E94818-27AA-4929-9FBE-3EC02EF28C24}.Debug|Any CPU.ActiveCfg = Debug|Any CPU
		{25E94818-27AA-4929-9FBE-3EC02EF28C24}.Debug|Any CPU.Build.0 = Debug|Any CPU
		{25E94818-27AA-4929-9FBE-3EC02EF28C24}.Release|Any CPU.ActiveCfg = Release|Any CPU
		{25E94818-27AA-4929-9FBE-3EC02EF28C24}.Release|Any CPU.Build.0 = Release|Any CPU
	EndGlobalSection
EndGlobal
